
Microsoft Visual Studio Solution File, Format Version 12.00
# Visual Studio Version 17
VisualStudioVersion = 17.6.33829.357
MinimumVisualStudioVersion = 10.0.40219.1
Project("{FAE04EC0-301F-11D3-BF4B-00C04F79EFBC}") = "bagbox", "bagbox\bagbox.csproj", "{31B9C791-98BA-4038-A17D-F03BF873829D}"
EndProject
Global
	GlobalSection(SolutionConfigurationPlatforms) = preSolution
		Debug|Any CPU = Debug|Any CPU
		Release|Any CPU = Release|Any CPU
	EndGlobalSection
	GlobalSection(ProjectConfigurationPlatforms) = postSolution
		{31B9C791-98BA-4038-A17D-F03BF873829D}.Debug|Any CPU.ActiveCfg = Debug|Any CPU
		{31B9C791-98BA-4038-A17D-F03BF873829D}.Debug|Any CPU.Build.0 = Debug|Any CPU
		{31B9C791-98BA-4038-A17D-F03BF873829D}.Release|Any CPU.ActiveCfg = Release|Any CPU
		{31B9C791-98BA-4038-A17D-F03BF873829D}.Release|Any CPU.Build.0 = Release|Any CPU
	EndGlobalSection
	GlobalSection(SolutionProperties) = preSolution
		HideSolutionNode = FALSE
	EndGlobalSection
	GlobalSection(ExtensibilityGlobals) = postSolution
		SolutionGuid = {807D826D-DACF-41FD-A664-282695FC67A8}
	EndGlobalSection
EndGlobal
